<?xml version="1.0" encoding="utf-8"?>
<Project ToolsVersion="4.0" xmlns="http://schemas.microsoft.com/developer/msbuild/2003">
  <ItemGroup>
    <Filter Include="Quelldateien">
      <UniqueIdentifier>{4FC737F1-C7A5-4376-A066-2A32D752A2FF}</UniqueIdentifier>
      <Extensions>cpp;c;cc;cxx;def;odl;idl;hpj;bat;asm;asmx</Extensions>
    </Filter>
    <Filter Include="Headerdateien">
      <UniqueIdentifier>{93995380-89BD-4b04-88EB-625FBE52EBFB}</UniqueIdentifier>
      <Extensions>h;hh;hpp;hxx;hm;inl;inc;xsd</Extensions>
    </Filter>
    <Filter Include="Ressourcendateien">
      <UniqueIdentifier>{67DA6AB6-F800-4c08-8B7A-83BB121AAD01}</UniqueIdentifier>
      <Extensions>rc;ico;cur;bmp;dlg;rc2;rct;bin;rgs;gif;jpg;jpeg;jpe;resx;tiff;tif;png;wav;mfcribbon-ms</Extensions>
    </Filter>
  </ItemGroup>
  <ItemGroup>
    <ClInclude Include="Spotispy.h">
      <Filter>Headerdateien</Filter>
    </ClInclude>
    <ClInclude Include="SpotispyDlg.h">
      <Filter>Headerdateien</Filter>
    </ClInclude>
    <ClInclude Include="stdafx.h">
      <Filter>Headerdateien</Filter>
    </ClInclude>
    <ClInclude Include="targetver.h">
      <Filter>Headerdateien</Filter>
    </ClInclude>
    <ClInclude Include="Resource.h">
      <Filter>Headerdateien</Filter>
    </ClInclude>
    <ClInclude Include="Helper.h">
      <Filter>Headerdateien</Filter>
    </ClInclude>
    <ClInclude Include="SpotifyAnalyzer.h">
      <Filter>Headerdateien</Filter>
    </ClInclude>
    <ClInclude Include="CommonCOM.h">
      <Filter>Headerdateien</Filter>
    </ClInclude>
    <ClInclude Include="SpotifyWebHook.h">
      <Filter>Headerdateien</Filter>
    </ClInclude>
    <ClInclude Include="cpprest\details\basic_types.h">
      <Filter>Headerdateien</Filter>
    </ClInclude>
    <ClInclude Include="cpprest\details\cpprest_compat.h">
      <Filter>Headerdateien</Filter>
    </ClInclude>
    <ClInclude Include="cpprest\details\fileio.h">
      <Filter>Headerdateien</Filter>
    </ClInclude>
    <ClInclude Include="cpprest\details\http_client_impl.h">
      <Filter>Headerdateien</Filter>
    </ClInclude>
    <ClInclude Include="cpprest\details\http_helpers.h">
      <Filter>Headerdateien</Filter>
    </ClInclude>
    <ClInclude Include="cpprest\details\http_server.h">
      <Filter>Headerdateien</Filter>
    </ClInclude>
    <ClInclude Include="cpprest\details\http_server_api.h">
      <Filter>Headerdateien</Filter>
    </ClInclude>
    <ClInclude Include="cpprest\details\http_server_asio.h">
      <Filter>Headerdateien</Filter>
    </ClInclude>
    <ClInclude Include="cpprest\details\http_server_httpsys.h">
      <Filter>Headerdateien</Filter>
    </ClInclude>
    <ClInclude Include="cpprest\details\nosal.h">
      <Filter>Headerdateien</Filter>
    </ClInclude>
    <ClInclude Include="cpprest\details\resource.h">
      <Filter>Headerdateien</Filter>
    </ClInclude>
    <ClInclude Include="cpprest\details\SafeInt3.hpp">
      <Filter>Headerdateien</Filter>
    </ClInclude>
    <ClInclude Include="cpprest\details\uri_parser.h">
      <Filter>Headerdateien</Filter>
    </ClInclude>
    <ClInclude Include="cpprest\details\web_utilities.h">
      <Filter>Headerdateien</Filter>
    </ClInclude>
    <ClInclude Include="cpprest\details\x509_cert_utilities.h">
      <Filter>Headerdateien</Filter>
    </ClInclude>
    <ClInclude Include="cpprest\astreambuf.h">
      <Filter>Headerdateien</Filter>
    </ClInclude>
    <ClInclude Include="cpprest\asyncrt_utils.h">
      <Filter>Headerdateien</Filter>
    </ClInclude>
    <ClInclude Include="cpprest\base_uri.h">
      <Filter>Headerdateien</Filter>
    </ClInclude>
    <ClInclude Include="cpprest\containerstream.h">
      <Filter>Headerdateien</Filter>
    </ClInclude>
    <ClInclude Include="cpprest\filestream.h">
      <Filter>Headerdateien</Filter>
    </ClInclude>
    <ClInclude Include="cpprest\http_client.h">
      <Filter>Headerdateien</Filter>
    </ClInclude>
    <ClInclude Include="cpprest\http_headers.h">
      <Filter>Headerdateien</Filter>
    </ClInclude>
    <ClInclude Include="cpprest\http_listener.h">
      <Filter>Headerdateien</Filter>
    </ClInclude>
    <ClInclude Include="cpprest\http_msg.h">
      <Filter>Headerdateien</Filter>
    </ClInclude>
    <ClInclude Include="cpprest\interopstream.h">
      <Filter>Headerdateien</Filter>
    </ClInclude>
    <ClInclude Include="cpprest\json.h">
      <Filter>Headerdateien</Filter>
    </ClInclude>
    <ClInclude Include="cpprest\oauth1.h">
      <Filter>Headerdateien</Filter>
    </ClInclude>
    <ClInclude Include="cpprest\oauth2.h">
      <Filter>Headerdateien</Filter>
    </ClInclude>
    <ClInclude Include="cpprest\producerconsumerstream.h">
      <Filter>Headerdateien</Filter>
    </ClInclude>
    <ClInclude Include="cpprest\rawptrstream.h">
      <Filter>Headerdateien</Filter>
    </ClInclude>
    <ClInclude Include="cpprest\streams.h">
      <Filter>Headerdateien</Filter>
    </ClInclude>
    <ClInclude Include="cpprest\uri.h">
      <Filter>Headerdateien</Filter>
    </ClInclude>
    <ClInclude Include="cpprest\uri_builder.h">
      <Filter>Headerdateien</Filter>
    </ClInclude>
    <ClInclude Include="cpprest\version.h">
      <Filter>Headerdateien</Filter>
    </ClInclude>
    <ClInclude Include="cpprest\ws_client.h">
      <Filter>Headerdateien</Filter>
    </ClInclude>
    <ClInclude Include="cpprest\ws_msg.h">
      <Filter>Headerdateien</Filter>
    </ClInclude>
    <ClInclude Include="JSONSaveFile.h">
      <Filter>Headerdateien</Filter>
    </ClInclude>
    <ClInclude Include="UpdateNotifier.h">
      <Filter>Headerdateien</Filter>
    </ClInclude>
    <ClInclude Include="UpdateDlg.h">
      <Filter>Headerdateien</Filter>
    </ClInclude>
  </ItemGroup>
  <ItemGroup>
    <ClCompile Include="Spotispy.cpp">
      <Filter>Quelldateien</Filter>
    </ClCompile>
    <ClCompile Include="SpotispyDlg.cpp">
      <Filter>Quelldateien</Filter>
    </ClCompile>
    <ClCompile Include="stdafx.cpp">
      <Filter>Quelldateien</Filter>
    </ClCompile>
    <ClCompile Include="Helper.cpp">
      <Filter>Quelldateien</Filter>
    </ClCompile>
    <ClCompile Include="SpotifyAnalyzer.cpp">
      <Filter>Quelldateien</Filter>
    </ClCompile>
    <ClCompile Include="CommonCOM.cpp">
      <Filter>Quelldateien</Filter>
    </ClCompile>
    <ClCompile Include="SpotifyWebHook.cpp">
      <Filter>Quelldateien</Filter>
    </ClCompile>
    <ClCompile Include="JSONSaveFile.cpp">
      <Filter>Quelldateien</Filter>
    </ClCompile>
    <ClCompile Include="UpdateNotifier.cpp">
      <Filter>Quelldateien</Filter>
    </ClCompile>
    <ClCompile Include="UpdateDlg.cpp">
      <Filter>Quelldateien</Filter>
    </ClCompile>
  </ItemGroup>
  <ItemGroup>
    <ResourceCompile Include="Spotispy.rc">
      <Filter>Ressourcendateien</Filter>
    </ResourceCompile>
  </ItemGroup>
  <ItemGroup>
    <None Include="res\Spotispy.rc2">
      <Filter>Ressourcendateien</Filter>
    </None>
  </ItemGroup>
  <ItemGroup>
    <Image Include="res\Spotispy.ico">
      <Filter>Ressourcendateien</Filter>
    </Image>
    <Image Include="res\SpotispyIco.ico">
      <Filter>Ressourcendateien</Filter>
    </Image>
    <Image Include="res\icon1.ico">
      <Filter>Ressourcendateien</Filter>
    </Image>
  </ItemGroup>
</Project>